
Microsoft Visual Studio Solution File, Format Version 12.00
# Visual Studio Version 16
VisualStudioVersion = 16.0.29411.108
MinimumVisualStudioVersion = 10.0.40219.1
Project("{9A19103F-16F7-4668-BE54-9A1E7A4F7556}") = "Alpaca.Markets.Tests", "Alpaca.Markets.Tests\Alpaca.Markets.Tests.csproj", "{26E908ED-5B48-42A0-8538-E280F0BD4554}"
EndProject
Global
	GlobalSection(SolutionConfigurationPlatforms) = preSolution
		Debug|Any CPU = Debug|Any CPU
		Release|Any CPU = Release|Any CPU
	EndGlobalSection
	GlobalSection(ProjectConfigurationPlatforms) = postSolution
		{26E908ED-5B48-42A0-8538-E280F0BD4554}.Debug|Any CPU.ActiveCfg = Debug|Any CPU
		{26E908ED-5B48-42A0-8538-E280F0BD4554}.Debug|Any CPU.Build.0 = Debug|Any CPU
		{26E908ED-5B48-42A0-8538-E280F0BD4554}.Release|Any CPU.ActiveCfg = Release|Any CPU
		{26E908ED-5B48-42A0-8538-E280F0BD4554}.Release|Any CPU.Build.0 = Release|Any CPU
	EndGlobalSection
	GlobalSection(SolutionProperties) = preSolution
		HideSolutionNode = FALSE
	EndGlobalSection
	GlobalSection(ExtensibilityGlobals) = postSolution
		SolutionGuid = {C357A481-0EDA-49D5-B869-F54E7D2F8DEB}
	EndGlobalSection
EndGlobal
