
Microsoft Visual Studio Solution File, Format Version 12.00
# Visual Studio Version 17
VisualStudioVersion = 17.0.32014.148
MinimumVisualStudioVersion = 10.0.40219.1
Project("{9A19103F-16F7-4668-BE54-9A1E7A4F7556}") = "Alpaca.Markets.Coverage", "Alpaca.Markets.Coverage.csproj", "{DFEFBC34-E923-4224-9775-EF9BCFE6D7FC}"
EndProject
Project("{D954291E-2A0B-460D-934E-DC6B0785DB48}") = "Alpaca.Markets.Tests", "..\Alpaca.Markets.Tests\Alpaca.Markets.Tests.shproj", "{4FC08CAA-BF56-4176-BA0C-739DC65F13B3}"
EndProject
Project("{9A19103F-16F7-4668-BE54-9A1E7A4F7556}") = "Alpaca.Markets", "..\..\Alpaca.Markets\Alpaca.Markets\Alpaca.Markets.csproj", "{F42152FC-74CB-43BE-95C2-058BF618E536}"
EndProject
Project("{9A19103F-16F7-4668-BE54-9A1E7A4F7556}") = "Alpaca.Markets.Extensions", "..\..\Alpaca.Markets\Alpaca.Markets.Extensions\Alpaca.Markets.Extensions.csproj", "{D3120C6F-29E6-4F19-B05B-08F758753716}"
EndProject
Global
	GlobalSection(SharedMSBuildProjectFiles) = preSolution
		..\Alpaca.Markets.Tests\Alpaca.Markets.Tests.projitems*{4fc08caa-bf56-4176-ba0c-739dc65f13b3}*SharedItemsImports = 13
		..\Alpaca.Markets.Tests\Alpaca.Markets.Tests.projitems*{dfefbc34-e923-4224-9775-ef9bcfe6d7fc}*SharedItemsImports = 5
	EndGlobalSection
	GlobalSection(SolutionConfigurationPlatforms) = preSolution
		Debug|Any CPU = Debug|Any CPU
		Release|Any CPU = Release|Any CPU
	EndGlobalSection
	GlobalSection(ProjectConfigurationPlatforms) = postSolution
		{DFEFBC34-E923-4224-9775-EF9BCFE6D7FC}.Debug|Any CPU.ActiveCfg = Debug|Any CPU
		{DFEFBC34-E923-4224-9775-EF9BCFE6D7FC}.Debug|Any CPU.Build.0 = Debug|Any CPU
		{DFEFBC34-E923-4224-9775-EF9BCFE6D7FC}.Release|Any CPU.ActiveCfg = Release|Any CPU
		{DFEFBC34-E923-4224-9775-EF9BCFE6D7FC}.Release|Any CPU.Build.0 = Release|Any CPU
		{F42152FC-74CB-43BE-95C2-058BF618E536}.Debug|Any CPU.ActiveCfg = Debug|Any CPU
		{F42152FC-74CB-43BE-95C2-058BF618E536}.Debug|Any CPU.Build.0 = Debug|Any CPU
		{F42152FC-74CB-43BE-95C2-058BF618E536}.Release|Any CPU.ActiveCfg = Release|Any CPU
		{F42152FC-74CB-43BE-95C2-058BF618E536}.Release|Any CPU.Build.0 = Release|Any CPU
		{D3120C6F-29E6-4F19-B05B-08F758753716}.Debug|Any CPU.ActiveCfg = Debug|Any CPU
		{D3120C6F-29E6-4F19-B05B-08F758753716}.Debug|Any CPU.Build.0 = Debug|Any CPU
		{D3120C6F-29E6-4F19-B05B-08F758753716}.Release|Any CPU.ActiveCfg = Release|Any CPU
		{D3120C6F-29E6-4F19-B05B-08F758753716}.Release|Any CPU.Build.0 = Release|Any CPU
	EndGlobalSection
	GlobalSection(SolutionProperties) = preSolution
		HideSolutionNode = FALSE
	EndGlobalSection
	GlobalSection(ExtensibilityGlobals) = postSolution
		SolutionGuid = {8DE7EE60-7309-454E-A580-8AB741D510D1}
	EndGlobalSection
EndGlobal
